
Microsoft Visual Studio Solution File, Format Version 12.00
Project("{2150E333-8FDC-42A3-9474-1A3956D46DE8}") = ".Net 6", ".Net 6", "{56400E50-9DC7-4138-90DE-A2F2718D793E}"
EndProject
Project("{2150E333-8FDC-42A3-9474-1A3956D46DE8}") = "API", "API", "{71DF410B-247E-4AF0-8605-824638EFF7F7}"
EndProject
Project("{2150E333-8FDC-42A3-9474-1A3956D46DE8}") = "WEB", "WEB", "{244C1108-81F2-4977-8DF6-D49F18DF42CF}"
EndProject
Project("{FAE04EC0-301F-11D3-BF4B-00C04F79EFBC}") = "Hangfire.API", ".Net 6\Hangfire.API\Hangfire.API.csproj", "{3B33B92C-9EB4-490B-B7CC-C9DF051E1EB0}"
EndProject
Project("{FAE04EC0-301F-11D3-BF4B-00C04F79EFBC}") = "Hangfire.WEB", ".Net 6\WEB\Hangfire.WEB\Hangfire.WEB.csproj", "{862CB9D0-C0D3-40F3-9A7A-D2E7B4AD7C23}"
EndProject
Global
	GlobalSection(SolutionConfigurationPlatforms) = preSolution
		Debug|Any CPU = Debug|Any CPU
		Release|Any CPU = Release|Any CPU
	EndGlobalSection
	GlobalSection(NestedProjects) = preSolution
		{71DF410B-247E-4AF0-8605-824638EFF7F7} = {56400E50-9DC7-4138-90DE-A2F2718D793E}
		{244C1108-81F2-4977-8DF6-D49F18DF42CF} = {56400E50-9DC7-4138-90DE-A2F2718D793E}
		{3B33B92C-9EB4-490B-B7CC-C9DF051E1EB0} = {71DF410B-247E-4AF0-8605-824638EFF7F7}
		{862CB9D0-C0D3-40F3-9A7A-D2E7B4AD7C23} = {244C1108-81F2-4977-8DF6-D49F18DF42CF}
	EndGlobalSection
	GlobalSection(ProjectConfigurationPlatforms) = postSolution
		{3B33B92C-9EB4-490B-B7CC-C9DF051E1EB0}.Debug|Any CPU.ActiveCfg = Debug|Any CPU
		{3B33B92C-9EB4-490B-B7CC-C9DF051E1EB0}.Debug|Any CPU.Build.0 = Debug|Any CPU
		{3B33B92C-9EB4-490B-B7CC-C9DF051E1EB0}.Release|Any CPU.ActiveCfg = Release|Any CPU
		{3B33B92C-9EB4-490B-B7CC-C9DF051E1EB0}.Release|Any CPU.Build.0 = Release|Any CPU
		{862CB9D0-C0D3-40F3-9A7A-D2E7B4AD7C23}.Debug|Any CPU.ActiveCfg = Debug|Any CPU
		{862CB9D0-C0D3-40F3-9A7A-D2E7B4AD7C23}.Debug|Any CPU.Build.0 = Debug|Any CPU
		{862CB9D0-C0D3-40F3-9A7A-D2E7B4AD7C23}.Release|Any CPU.ActiveCfg = Release|Any CPU
		{862CB9D0-C0D3-40F3-9A7A-D2E7B4AD7C23}.Release|Any CPU.Build.0 = Release|Any CPU
	EndGlobalSection
EndGlobal
